
Microsoft Visual Studio Solution File, Format Version 12.00
# Visual Studio Version 16
VisualStudioVersion = 16.0.30320.27
MinimumVisualStudioVersion = 10.0.40219.1
Project("{FAE04EC0-301F-11D3-BF4B-00C04F79EFBC}") = "3dtiles_maker", "3dtiles_maker.csproj", "{3868CDA3-3E51-41EB-9645-D4FC8DF3C221}"
EndProject
Global
	GlobalSection(SolutionConfigurationPlatforms) = preSolution
		Debug|Any CPU = Debug|Any CPU
		Release|Any CPU = Release|Any CPU
	EndGlobalSection
	GlobalSection(ProjectConfigurationPlatforms) = postSolution
		{3868CDA3-3E51-41EB-9645-D4FC8DF3C221}.Debug|Any CPU.ActiveCfg = Debug|Any CPU
		{3868CDA3-3E51-41EB-9645-D4FC8DF3C221}.Debug|Any CPU.Build.0 = Debug|Any CPU
		{3868CDA3-3E51-41EB-9645-D4FC8DF3C221}.Release|Any CPU.ActiveCfg = Release|Any CPU
		{3868CDA3-3E51-41EB-9645-D4FC8DF3C221}.Release|Any CPU.Build.0 = Release|Any CPU
	EndGlobalSection
	GlobalSection(SolutionProperties) = preSolution
		HideSolutionNode = FALSE
	EndGlobalSection
	GlobalSection(ExtensibilityGlobals) = postSolution
		SolutionGuid = {F593FFC8-EFA4-487C-8A92-CAC9ACA429CA}
	EndGlobalSection
EndGlobal
